
Microsoft Visual Studio Solution File, Format Version 12.00
# Visual Studio Version 17
VisualStudioVersion = 17.5.33414.496
MinimumVisualStudioVersion = 10.0.40219.1
Project("{2150E333-8FDC-42A3-9474-1A3956D46DE8}") = "src", "src", "{326E6240-5F0D-451D-BEC7-81D042DF5321}"
EndProject
Project("{9A19103F-16F7-4668-BE54-9A1E7A4F7556}") = "Mint.Infrastructure", "src\Mint.Infrastructure\Mint.Infrastructure.csproj", "{18314AC0-9962-422B-9488-C6328DA9D3B3}"
EndProject
Project("{9A19103F-16F7-4668-BE54-9A1E7A4F7556}") = "Mint.Domain", "src\Mint.Domain\Mint.Domain.csproj", "{EF0BBA79-FDD8-4922-8F50-6B24C469F0CA}"
EndProject
Project("{2150E333-8FDC-42A3-9474-1A3956D46DE8}") = "modules", "modules", "{0199D1FA-61BF-4621-B224-F9CE93086EDF}"
EndProject
Project("{2150E333-8FDC-42A3-9474-1A3956D46DE8}") = "tests", "tests", "{EBC3A9B7-E9B3-4526-A282-E072FEA7B8F1}"
EndProject
Project("{9A19103F-16F7-4668-BE54-9A1E7A4F7556}") = "Min.Web.UI.Tests", "tests\Min.Web.UI.Tests\Min.Web.UI.Tests.csproj", "{A9FEF188-FD07-4A88-A84B-4B222FCEC1A0}"
EndProject
Project("{E53339B2-1760-4266-BCC7-CA923CBCF16C}") = "docker-compose", "docker-compose.dcproj", "{6AD5C31F-C007-4B36-8D94-A69500E8662C}"
EndProject
Project("{2150E333-8FDC-42A3-9474-1A3956D46DE8}") = "Gateway", "Gateway", "{08CE716F-4D08-447C-96EE-A4018AFA7035}"
EndProject
Project("{9A19103F-16F7-4668-BE54-9A1E7A4F7556}") = "Mint.WebApp.Gateway", "src\Gateway\Mint.WebApp.Gateway\Mint.WebApp.Gateway.csproj", "{66EE6A01-5137-4E46-8647-803C9605CED7}"
EndProject
Project("{9A19103F-16F7-4668-BE54-9A1E7A4F7556}") = "Mint.WebApp.Gateway.Test", "src\Gateway\Mint.WebApp.Gateway.Test\Mint.WebApp.Gateway.Test.csproj", "{50EDA805-7245-48C5-B972-6216D23F29A5}"
EndProject
Project("{2150E333-8FDC-42A3-9474-1A3956D46DE8}") = "Admin", "Admin", "{E02DA575-B073-4084-89A9-2615E37C0C06}"
EndProject
Project("{9A19103F-16F7-4668-BE54-9A1E7A4F7556}") = "Mint.WebApp.Admin", "src\modules\Admin\Mint.WebApp.Admin\Mint.WebApp.Admin.csproj", "{B02C516A-0470-4D08-8C17-CD824A347A36}"
EndProject
Project("{2150E333-8FDC-42A3-9474-1A3956D46DE8}") = "Services", "Services", "{B4987191-ABF8-472B-9432-C0222120D832}"
EndProject
Project("{9A19103F-16F7-4668-BE54-9A1E7A4F7556}") = "Mint.WebApp.StorageCloud", "src\modules\Services\Mint.WebApp.StorageCloud\Mint.WebApp.StorageCloud.csproj", "{04A3D8C5-44BA-4E01-9E33-7FA2BC5CCDBA}"
EndProject
Project("{9A19103F-16F7-4668-BE54-9A1E7A4F7556}") = "Mint.Web.Infrastructure.Tests", "tests\Mint.Web.Infrastructure.Tests\Mint.Web.Infrastructure.Tests.csproj", "{306E3BBB-14A8-45E6-BDC4-52822A0F7B32}"
EndProject
Project("{9A19103F-16F7-4668-BE54-9A1E7A4F7556}") = "Mint.WebApp.HealthChecker", "src\modules\Services\Mint.WebApp.HealthChecker\Mint.WebApp.HealthChecker.csproj", "{C5647212-6FC3-44B7-A741-2A47E1DC8EF5}"
EndProject
Project("{9A19103F-16F7-4668-BE54-9A1E7A4F7556}") = "Mint.WebApp.Admin.Application", "src\modules\Admin\Mint.WebApp.Admin.Application\Mint.WebApp.Admin.Application.csproj", "{2EE99609-9259-4E94-902C-091C56B2A337}"
EndProject
Project("{9A19103F-16F7-4668-BE54-9A1E7A4F7556}") = "Mint.Application", "src\Mint.Application\Mint.Application.csproj", "{F8224E05-7862-4521-92F9-C050EB1A4B5F}"
EndProject
Project("{2150E333-8FDC-42A3-9474-1A3956D46DE8}") = "Client", "Client", "{A58CC3EF-B286-4151-853D-88F8EE5F0392}"
EndProject
Project("{9A19103F-16F7-4668-BE54-9A1E7A4F7556}") = "Mint.WebApp.Client", "src\modules\Client\Mint.WebApp.Client\Mint.WebApp.Client.csproj", "{0896B869-FAAC-4F74-AD70-13820F63C319}"
EndProject
Project("{9A19103F-16F7-4668-BE54-9A1E7A4F7556}") = "Mint.WebApp.Client.Application", "src\modules\Client\Mint.WebApp.Client.Application\Mint.WebApp.Client.Application.csproj", "{056002E9-BE29-4EE2-ABE0-883B9B6BC1F5}"
EndProject
Project("{9A19103F-16F7-4668-BE54-9A1E7A4F7556}") = "Mint.WebApp.Admin.Identity", "src\modules\Admin\Mint.WebApp.Admin.Identity\Mint.WebApp.Admin.Identity.csproj", "{338BD391-99E7-4E5A-9BC6-A1725C43475F}"
EndProject
Project("{9A19103F-16F7-4668-BE54-9A1E7A4F7556}") = "Mint.WebApp.Client.Identity", "src\modules\Client\Mint.WebApp.Client.Identity\Mint.WebApp.Client.Identity.csproj", "{5E7F2612-5464-4167-A6D1-43B458EB1923}"
EndProject
Project("{9A19103F-16F7-4668-BE54-9A1E7A4F7556}") = "Mint.WebApp.Email", "src\modules\Services\Mint.WebApp.Email\Mint.WebApp.Email.csproj", "{3137D52A-03B4-4199-9642-3F513CE807BB}"
EndProject
Project("{9A19103F-16F7-4668-BE54-9A1E7A4F7556}") = "Mint.WebApp.Admin.Identity.Application", "src\modules\Admin\Mint.WebApp.Admin.Identity.Application\Mint.WebApp.Admin.Identity.Application.csproj", "{B84A11BC-D32B-40C9-A66F-051F2E5B86B5}"
EndProject
Project("{9A19103F-16F7-4668-BE54-9A1E7A4F7556}") = "Mint.WebApp.Client.Identity.Application", "src\modules\Client\Mint.WebApp.Client.Identity.Application\Mint.WebApp.Client.Identity.Application.csproj", "{E26A5117-E63B-4EC6-BDD8-09D7B936DB8B}"
EndProject
Project("{2150E333-8FDC-42A3-9474-1A3956D46DE8}") = "tests", "tests", "{D6D76CD1-7D79-4455-9B3D-3CFC26A0ADF7}"
EndProject
Project("{9A19103F-16F7-4668-BE54-9A1E7A4F7556}") = "Mint.WebApp.Admin.Tests", "src\modules\Admin\tests\Mint.WebApp.Admin.Tests\Mint.WebApp.Admin.Tests.csproj", "{67E21190-4199-470A-ADF1-910A7CCA3F75}"
EndProject
Project("{9A19103F-16F7-4668-BE54-9A1E7A4F7556}") = "Mint.WebApp.Admin.Architecture.Tests", "src\modules\Admin\tests\Mint.WebApp.Admin.Architecture.Tests\Mint.WebApp.Admin.Architecture.Tests.csproj", "{D44172DD-0A58-4FDA-A4B9-64D25CBD4BAB}"
EndProject
Global
	GlobalSection(SolutionConfigurationPlatforms) = preSolution
		Debug|Any CPU = Debug|Any CPU
		Release|Any CPU = Release|Any CPU
	EndGlobalSection
	GlobalSection(ProjectConfigurationPlatforms) = postSolution
		{18314AC0-9962-422B-9488-C6328DA9D3B3}.Debug|Any CPU.ActiveCfg = Debug|Any CPU
		{18314AC0-9962-422B-9488-C6328DA9D3B3}.Debug|Any CPU.Build.0 = Debug|Any CPU
		{18314AC0-9962-422B-9488-C6328DA9D3B3}.Release|Any CPU.ActiveCfg = Release|Any CPU
		{18314AC0-9962-422B-9488-C6328DA9D3B3}.Release|Any CPU.Build.0 = Release|Any CPU
		{EF0BBA79-FDD8-4922-8F50-6B24C469F0CA}.Debug|Any CPU.ActiveCfg = Debug|Any CPU
		{EF0BBA79-FDD8-4922-8F50-6B24C469F0CA}.Debug|Any CPU.Build.0 = Debug|Any CPU
		{EF0BBA79-FDD8-4922-8F50-6B24C469F0CA}.Release|Any CPU.ActiveCfg = Release|Any CPU
		{EF0BBA79-FDD8-4922-8F50-6B24C469F0CA}.Release|Any CPU.Build.0 = Release|Any CPU
		{A9FEF188-FD07-4A88-A84B-4B222FCEC1A0}.Debug|Any CPU.ActiveCfg = Debug|Any CPU
		{A9FEF188-FD07-4A88-A84B-4B222FCEC1A0}.Debug|Any CPU.Build.0 = Debug|Any CPU
		{A9FEF188-FD07-4A88-A84B-4B222FCEC1A0}.Release|Any CPU.ActiveCfg = Release|Any CPU
		{A9FEF188-FD07-4A88-A84B-4B222FCEC1A0}.Release|Any CPU.Build.0 = Release|Any CPU
		{6AD5C31F-C007-4B36-8D94-A69500E8662C}.Debug|Any CPU.ActiveCfg = Debug|Any CPU
		{6AD5C31F-C007-4B36-8D94-A69500E8662C}.Debug|Any CPU.Build.0 = Debug|Any CPU
		{6AD5C31F-C007-4B36-8D94-A69500E8662C}.Release|Any CPU.ActiveCfg = Release|Any CPU
		{6AD5C31F-C007-4B36-8D94-A69500E8662C}.Release|Any CPU.Build.0 = Release|Any CPU
		{66EE6A01-5137-4E46-8647-803C9605CED7}.Debug|Any CPU.ActiveCfg = Debug|Any CPU
		{66EE6A01-5137-4E46-8647-803C9605CED7}.Debug|Any CPU.Build.0 = Debug|Any CPU
		{66EE6A01-5137-4E46-8647-803C9605CED7}.Release|Any CPU.ActiveCfg = Release|Any CPU
		{66EE6A01-5137-4E46-8647-803C9605CED7}.Release|Any CPU.Build.0 = Release|Any CPU
		{50EDA805-7245-48C5-B972-6216D23F29A5}.Debug|Any CPU.ActiveCfg = Debug|Any CPU
		{50EDA805-7245-48C5-B972-6216D23F29A5}.Debug|Any CPU.Build.0 = Debug|Any CPU
		{50EDA805-7245-48C5-B972-6216D23F29A5}.Release|Any CPU.ActiveCfg = Release|Any CPU
		{50EDA805-7245-48C5-B972-6216D23F29A5}.Release|Any CPU.Build.0 = Release|Any CPU
		{B02C516A-0470-4D08-8C17-CD824A347A36}.Debug|Any CPU.ActiveCfg = Debug|Any CPU
		{B02C516A-0470-4D08-8C17-CD824A347A36}.Debug|Any CPU.Build.0 = Debug|Any CPU
		{B02C516A-0470-4D08-8C17-CD824A347A36}.Release|Any CPU.ActiveCfg = Release|Any CPU
		{B02C516A-0470-4D08-8C17-CD824A347A36}.Release|Any CPU.Build.0 = Release|Any CPU
		{04A3D8C5-44BA-4E01-9E33-7FA2BC5CCDBA}.Debug|Any CPU.ActiveCfg = Debug|Any CPU
		{04A3D8C5-44BA-4E01-9E33-7FA2BC5CCDBA}.Debug|Any CPU.Build.0 = Debug|Any CPU
		{04A3D8C5-44BA-4E01-9E33-7FA2BC5CCDBA}.Release|Any CPU.ActiveCfg = Release|Any CPU
		{04A3D8C5-44BA-4E01-9E33-7FA2BC5CCDBA}.Release|Any CPU.Build.0 = Release|Any CPU
		{306E3BBB-14A8-45E6-BDC4-52822A0F7B32}.Debug|Any CPU.ActiveCfg = Debug|Any CPU
		{306E3BBB-14A8-45E6-BDC4-52822A0F7B32}.Debug|Any CPU.Build.0 = Debug|Any CPU
		{306E3BBB-14A8-45E6-BDC4-52822A0F7B32}.Release|Any CPU.ActiveCfg = Release|Any CPU
		{306E3BBB-14A8-45E6-BDC4-52822A0F7B32}.Release|Any CPU.Build.0 = Release|Any CPU
		{C5647212-6FC3-44B7-A741-2A47E1DC8EF5}.Debug|Any CPU.ActiveCfg = Debug|Any CPU
		{C5647212-6FC3-44B7-A741-2A47E1DC8EF5}.Debug|Any CPU.Build.0 = Debug|Any CPU
		{C5647212-6FC3-44B7-A741-2A47E1DC8EF5}.Release|Any CPU.ActiveCfg = Release|Any CPU
		{C5647212-6FC3-44B7-A741-2A47E1DC8EF5}.Release|Any CPU.Build.0 = Release|Any CPU
		{2EE99609-9259-4E94-902C-091C56B2A337}.Debug|Any CPU.ActiveCfg = Debug|Any CPU
		{2EE99609-9259-4E94-902C-091C56B2A337}.Debug|Any CPU.Build.0 = Debug|Any CPU
		{2EE99609-9259-4E94-902C-091C56B2A337}.Release|Any CPU.ActiveCfg = Release|Any CPU
		{2EE99609-9259-4E94-902C-091C56B2A337}.Release|Any CPU.Build.0 = Release|Any CPU
		{F8224E05-7862-4521-92F9-C050EB1A4B5F}.Debug|Any CPU.ActiveCfg = Debug|Any CPU
		{F8224E05-7862-4521-92F9-C050EB1A4B5F}.Debug|Any CPU.Build.0 = Debug|Any CPU
		{F8224E05-7862-4521-92F9-C050EB1A4B5F}.Release|Any CPU.ActiveCfg = Release|Any CPU
		{F8224E05-7862-4521-92F9-C050EB1A4B5F}.Release|Any CPU.Build.0 = Release|Any CPU
		{0896B869-FAAC-4F74-AD70-13820F63C319}.Debug|Any CPU.ActiveCfg = Debug|Any CPU
		{0896B869-FAAC-4F74-AD70-13820F63C319}.Debug|Any CPU.Build.0 = Debug|Any CPU
		{0896B869-FAAC-4F74-AD70-13820F63C319}.Release|Any CPU.ActiveCfg = Release|Any CPU
		{0896B869-FAAC-4F74-AD70-13820F63C319}.Release|Any CPU.Build.0 = Release|Any CPU
		{056002E9-BE29-4EE2-ABE0-883B9B6BC1F5}.Debug|Any CPU.ActiveCfg = Debug|Any CPU
		{056002E9-BE29-4EE2-ABE0-883B9B6BC1F5}.Debug|Any CPU.Build.0 = Debug|Any CPU
		{056002E9-BE29-4EE2-ABE0-883B9B6BC1F5}.Release|Any CPU.ActiveCfg = Release|Any CPU
		{056002E9-BE29-4EE2-ABE0-883B9B6BC1F5}.Release|Any CPU.Build.0 = Release|Any CPU
		{338BD391-99E7-4E5A-9BC6-A1725C43475F}.Debug|Any CPU.ActiveCfg = Debug|Any CPU
		{338BD391-99E7-4E5A-9BC6-A1725C43475F}.Debug|Any CPU.Build.0 = Debug|Any CPU
		{338BD391-99E7-4E5A-9BC6-A1725C43475F}.Release|Any CPU.ActiveCfg = Release|Any CPU
		{338BD391-99E7-4E5A-9BC6-A1725C43475F}.Release|Any CPU.Build.0 = Release|Any CPU
		{5E7F2612-5464-4167-A6D1-43B458EB1923}.Debug|Any CPU.ActiveCfg = Debug|Any CPU
		{5E7F2612-5464-4167-A6D1-43B458EB1923}.Debug|Any CPU.Build.0 = Debug|Any CPU
		{5E7F2612-5464-4167-A6D1-43B458EB1923}.Release|Any CPU.ActiveCfg = Release|Any CPU
		{5E7F2612-5464-4167-A6D1-43B458EB1923}.Release|Any CPU.Build.0 = Release|Any CPU
		{3137D52A-03B4-4199-9642-3F513CE807BB}.Debug|Any CPU.ActiveCfg = Debug|Any CPU
		{3137D52A-03B4-4199-9642-3F513CE807BB}.Debug|Any CPU.Build.0 = Debug|Any CPU
		{3137D52A-03B4-4199-9642-3F513CE807BB}.Release|Any CPU.ActiveCfg = Release|Any CPU
		{3137D52A-03B4-4199-9642-3F513CE807BB}.Release|Any CPU.Build.0 = Release|Any CPU
		{B84A11BC-D32B-40C9-A66F-051F2E5B86B5}.Debug|Any CPU.ActiveCfg = Debug|Any CPU
		{B84A11BC-D32B-40C9-A66F-051F2E5B86B5}.Debug|Any CPU.Build.0 = Debug|Any CPU
		{B84A11BC-D32B-40C9-A66F-051F2E5B86B5}.Release|Any CPU.ActiveCfg = Release|Any CPU
		{B84A11BC-D32B-40C9-A66F-051F2E5B86B5}.Release|Any CPU.Build.0 = Release|Any CPU
		{E26A5117-E63B-4EC6-BDD8-09D7B936DB8B}.Debug|Any CPU.ActiveCfg = Debug|Any CPU
		{E26A5117-E63B-4EC6-BDD8-09D7B936DB8B}.Debug|Any CPU.Build.0 = Debug|Any CPU
		{E26A5117-E63B-4EC6-BDD8-09D7B936DB8B}.Release|Any CPU.ActiveCfg = Release|Any CPU
		{E26A5117-E63B-4EC6-BDD8-09D7B936DB8B}.Release|Any CPU.Build.0 = Release|Any CPU
		{67E21190-4199-470A-ADF1-910A7CCA3F75}.Debug|Any CPU.ActiveCfg = Debug|Any CPU
		{67E21190-4199-470A-ADF1-910A7CCA3F75}.Debug|Any CPU.Build.0 = Debug|Any CPU
		{67E21190-4199-470A-ADF1-910A7CCA3F75}.Release|Any CPU.ActiveCfg = Release|Any CPU
		{67E21190-4199-470A-ADF1-910A7CCA3F75}.Release|Any CPU.Build.0 = Release|Any CPU
		{D44172DD-0A58-4FDA-A4B9-64D25CBD4BAB}.Debug|Any CPU.ActiveCfg = Debug|Any CPU
		{D44172DD-0A58-4FDA-A4B9-64D25CBD4BAB}.Debug|Any CPU.Build.0 = Debug|Any CPU
		{D44172DD-0A58-4FDA-A4B9-64D25CBD4BAB}.Release|Any CPU.ActiveCfg = Release|Any CPU
		{D44172DD-0A58-4FDA-A4B9-64D25CBD4BAB}.Release|Any CPU.Build.0 = Release|Any CPU
	EndGlobalSection
	GlobalSection(SolutionProperties) = preSolution
		HideSolutionNode = FALSE
	EndGlobalSection
	GlobalSection(NestedProjects) = preSolution
		{18314AC0-9962-422B-9488-C6328DA9D3B3} = {326E6240-5F0D-451D-BEC7-81D042DF5321}
		{EF0BBA79-FDD8-4922-8F50-6B24C469F0CA} = {326E6240-5F0D-451D-BEC7-81D042DF5321}
		{0199D1FA-61BF-4621-B224-F9CE93086EDF} = {326E6240-5F0D-451D-BEC7-81D042DF5321}
		{A9FEF188-FD07-4A88-A84B-4B222FCEC1A0} = {EBC3A9B7-E9B3-4526-A282-E072FEA7B8F1}
		{08CE716F-4D08-447C-96EE-A4018AFA7035} = {326E6240-5F0D-451D-BEC7-81D042DF5321}
		{66EE6A01-5137-4E46-8647-803C9605CED7} = {08CE716F-4D08-447C-96EE-A4018AFA7035}
		{50EDA805-7245-48C5-B972-6216D23F29A5} = {08CE716F-4D08-447C-96EE-A4018AFA7035}
		{E02DA575-B073-4084-89A9-2615E37C0C06} = {0199D1FA-61BF-4621-B224-F9CE93086EDF}
		{B02C516A-0470-4D08-8C17-CD824A347A36} = {E02DA575-B073-4084-89A9-2615E37C0C06}
		{B4987191-ABF8-472B-9432-C0222120D832} = {0199D1FA-61BF-4621-B224-F9CE93086EDF}
		{04A3D8C5-44BA-4E01-9E33-7FA2BC5CCDBA} = {B4987191-ABF8-472B-9432-C0222120D832}
		{306E3BBB-14A8-45E6-BDC4-52822A0F7B32} = {EBC3A9B7-E9B3-4526-A282-E072FEA7B8F1}
		{C5647212-6FC3-44B7-A741-2A47E1DC8EF5} = {B4987191-ABF8-472B-9432-C0222120D832}
		{2EE99609-9259-4E94-902C-091C56B2A337} = {E02DA575-B073-4084-89A9-2615E37C0C06}
		{F8224E05-7862-4521-92F9-C050EB1A4B5F} = {326E6240-5F0D-451D-BEC7-81D042DF5321}
		{A58CC3EF-B286-4151-853D-88F8EE5F0392} = {0199D1FA-61BF-4621-B224-F9CE93086EDF}
		{0896B869-FAAC-4F74-AD70-13820F63C319} = {A58CC3EF-B286-4151-853D-88F8EE5F0392}
		{056002E9-BE29-4EE2-ABE0-883B9B6BC1F5} = {A58CC3EF-B286-4151-853D-88F8EE5F0392}
		{338BD391-99E7-4E5A-9BC6-A1725C43475F} = {E02DA575-B073-4084-89A9-2615E37C0C06}
		{5E7F2612-5464-4167-A6D1-43B458EB1923} = {A58CC3EF-B286-4151-853D-88F8EE5F0392}
		{3137D52A-03B4-4199-9642-3F513CE807BB} = {B4987191-ABF8-472B-9432-C0222120D832}
		{B84A11BC-D32B-40C9-A66F-051F2E5B86B5} = {E02DA575-B073-4084-89A9-2615E37C0C06}
		{E26A5117-E63B-4EC6-BDD8-09D7B936DB8B} = {A58CC3EF-B286-4151-853D-88F8EE5F0392}
		{D6D76CD1-7D79-4455-9B3D-3CFC26A0ADF7} = {E02DA575-B073-4084-89A9-2615E37C0C06}
		{67E21190-4199-470A-ADF1-910A7CCA3F75} = {D6D76CD1-7D79-4455-9B3D-3CFC26A0ADF7}
		{D44172DD-0A58-4FDA-A4B9-64D25CBD4BAB} = {D6D76CD1-7D79-4455-9B3D-3CFC26A0ADF7}
	EndGlobalSection
	GlobalSection(ExtensibilityGlobals) = postSolution
		SolutionGuid = {E2E3EF17-D76B-4080-B8AA-2FB58CBB21B8}
	EndGlobalSection
EndGlobal
