
Microsoft Visual Studio Solution File, Format Version 12.00
# Visual Studio Version 17
VisualStudioVersion = 17.5.33414.496
MinimumVisualStudioVersion = 10.0.40219.1
Project("{2150E333-8FDC-42A3-9474-1A3956D46DE8}") = "src", "src", "{326E6240-5F0D-451D-BEC7-81D042DF5321}"
EndProject
Project("{9A19103F-16F7-4668-BE54-9A1E7A4F7556}") = "Mint.Infrastructure", "src\Mint.Infrastructure\Mint.Infrastructure.csproj", "{18314AC0-9962-422B-9488-C6328DA9D3B3}"
EndProject
Project("{9A19103F-16F7-4668-BE54-9A1E7A4F7556}") = "Mint.Domain", "src\Mint.Domain\Mint.Domain.csproj", "{EF0BBA79-FDD8-4922-8F50-6B24C469F0CA}"
EndProject
Project("{2150E333-8FDC-42A3-9474-1A3956D46DE8}") = "modules", "modules", "{0199D1FA-61BF-4621-B224-F9CE93086EDF}"
EndProject
Project("{9A19103F-16F7-4668-BE54-9A1E7A4F7556}") = "Mint.WebApp.Payment", "src\modules\Mint.WebApp.Payment\Mint.WebApp.Payment.csproj", "{AA7113AE-D82A-406A-BE73-943E5518B66D}"
EndProject
Project("{9A19103F-16F7-4668-BE54-9A1E7A4F7556}") = "Mint.WebApp.Shipping", "src\modules\Mint.WebApp.Shipping\Mint.WebApp.Shipping.csproj", "{3824E576-9A1B-4234-9E40-305909AD8982}"
EndProject
Project("{2150E333-8FDC-42A3-9474-1A3956D46DE8}") = "tests", "tests", "{EBC3A9B7-E9B3-4526-A282-E072FEA7B8F1}"
EndProject
Project("{9A19103F-16F7-4668-BE54-9A1E7A4F7556}") = "Min.Web.UI.Tests", "tests\Min.Web.UI.Tests\Min.Web.UI.Tests.csproj", "{A9FEF188-FD07-4A88-A84B-4B222FCEC1A0}"
EndProject
Project("{9A19103F-16F7-4668-BE54-9A1E7A4F7556}") = "Mint.Web.Admin.Tests", "tests\Mint.Web.Admin.Tests\Mint.Web.Admin.Tests.csproj", "{07C80DEF-A58C-4D8E-8E73-F379964E458A}"
EndProject
Project("{9A19103F-16F7-4668-BE54-9A1E7A4F7556}") = "Mint.WebApp.Delivering", "src\modules\Mint.WebApp.Delivering\Mint.WebApp.Delivering.csproj", "{4683AB7E-4866-4B20-B381-663F0FE1D66D}"
EndProject
Project("{E53339B2-1760-4266-BCC7-CA923CBCF16C}") = "docker-compose", "docker-compose.dcproj", "{6AD5C31F-C007-4B36-8D94-A69500E8662C}"
EndProject
Project("{9A19103F-16F7-4668-BE54-9A1E7A4F7556}") = "Mint.WebApp.Ordering", "src\modules\Mint.WebApp.Ordering\Mint.WebApp.Ordering.csproj", "{71ABDFCD-4BA0-473D-BD84-92B560B7CF87}"
EndProject
Project("{9A19103F-16F7-4668-BE54-9A1E7A4F7556}") = "Mint.WebApp.Telegram.WebHook", "src\modules\Mint.WebApp.Telegram.WebHook\Mint.WebApp.Telegram.WebHook.csproj", "{27BC056C-8C8E-40BF-9C45-947EA2D9DEC0}"
EndProject
Project("{2150E333-8FDC-42A3-9474-1A3956D46DE8}") = "Identity", "Identity", "{7A823355-1953-4B19-A64F-F7A53AF449A7}"
EndProject
Project("{9A19103F-16F7-4668-BE54-9A1E7A4F7556}") = "Mint.WebApp.Email", "src\modules\Identity\Mint.WebApp.Email\Mint.WebApp.Email.csproj", "{7F551865-7DAB-45FD-82A8-693B8DB35EA8}"
EndProject
Project("{9A19103F-16F7-4668-BE54-9A1E7A4F7556}") = "Mint.WebApp.Identity", "src\modules\Identity\Mint.WebApp.Identity\Mint.WebApp.Identity.csproj", "{8FD30732-AB43-4A88-AE02-15E8EBF0E48E}"
EndProject
Project("{2150E333-8FDC-42A3-9474-1A3956D46DE8}") = "tests", "tests", "{EA285515-F3E1-4ACA-B6B4-9109F1C73DEE}"
EndProject
Project("{2150E333-8FDC-42A3-9474-1A3956D46DE8}") = "Notification", "Notification", "{AACDD6BF-E715-4FAA-B134-CEA50F20344F}"
EndProject
Project("{9A19103F-16F7-4668-BE54-9A1E7A4F7556}") = "Mint.WebApp.Notification", "src\modules\Notification\Mint.WebApp.Notification\Mint.WebApp.Notification.csproj", "{406A5CF3-0E70-4304-9F2E-11833B976DE2}"
EndProject
Project("{2150E333-8FDC-42A3-9474-1A3956D46DE8}") = "Gateway", "Gateway", "{08CE716F-4D08-447C-96EE-A4018AFA7035}"
EndProject
Project("{9A19103F-16F7-4668-BE54-9A1E7A4F7556}") = "Mint.WebApp.Gateway", "src\Gateway\Mint.WebApp.Gateway\Mint.WebApp.Gateway.csproj", "{66EE6A01-5137-4E46-8647-803C9605CED7}"
EndProject
Project("{9A19103F-16F7-4668-BE54-9A1E7A4F7556}") = "Mint.WebApp.Identity.Test", "src\modules\Identity\tests\Mint.WebApp.Identity.Test\Mint.WebApp.Identity.Test.csproj", "{D758CFC5-F47A-4E9E-B850-7EF766D0F1D6}"
EndProject
Project("{9A19103F-16F7-4668-BE54-9A1E7A4F7556}") = "Mint.WebApp.Admin.Test", "src\modules\Identity\tests\Mint.WebApp.Admin.Test\Mint.WebApp.Admin.Test.csproj", "{BC5A1E5C-C96C-4D6F-A4D9-4B7E8E3055EA}"
EndProject
Project("{9A19103F-16F7-4668-BE54-9A1E7A4F7556}") = "Mint.WebApp.Gateway.Test", "src\Gateway\Mint.WebApp.Gateway.Test\Mint.WebApp.Gateway.Test.csproj", "{50EDA805-7245-48C5-B972-6216D23F29A5}"
EndProject
Project("{2150E333-8FDC-42A3-9474-1A3956D46DE8}") = "Goods", "Goods", "{3896F982-F5AD-4A69-BE14-7A95C7F834A9}"
EndProject
Project("{9A19103F-16F7-4668-BE54-9A1E7A4F7556}") = "Mint.WebApp.Store", "src\modules\Goods\Mint.WebApp.Store\Mint.WebApp.Store.csproj", "{4613EB7A-7943-43C6-9F13-1C5671B77745}"
EndProject
Project("{FAE04EC0-301F-11D3-BF4B-00C04F79EFBC}") = "Mint.WebApp.Catalog", "src\modules\Goods\Mint.WebApp.Catalog\Mint.WebApp.Catalog.csproj", "{1FB0621E-892E-4F53-8C9C-A5472DCEF74D}"
EndProject
Project("{2150E333-8FDC-42A3-9474-1A3956D46DE8}") = "Admin", "Admin", "{E02DA575-B073-4084-89A9-2615E37C0C06}"
EndProject
Project("{2150E333-8FDC-42A3-9474-1A3956D46DE8}") = "tests", "tests", "{9A7B3144-B9F0-47BB-A306-A40813B58A11}"
EndProject
Project("{9A19103F-16F7-4668-BE54-9A1E7A4F7556}") = "Mint.WebApp.Admin", "src\modules\Admin\Mint.WebApp.Admin\Mint.WebApp.Admin.csproj", "{B02C516A-0470-4D08-8C17-CD824A347A36}"
EndProject
Global
	GlobalSection(SolutionConfigurationPlatforms) = preSolution
		Debug|Any CPU = Debug|Any CPU
		Release|Any CPU = Release|Any CPU
	EndGlobalSection
	GlobalSection(ProjectConfigurationPlatforms) = postSolution
		{18314AC0-9962-422B-9488-C6328DA9D3B3}.Debug|Any CPU.ActiveCfg = Debug|Any CPU
		{18314AC0-9962-422B-9488-C6328DA9D3B3}.Debug|Any CPU.Build.0 = Debug|Any CPU
		{18314AC0-9962-422B-9488-C6328DA9D3B3}.Release|Any CPU.ActiveCfg = Release|Any CPU
		{18314AC0-9962-422B-9488-C6328DA9D3B3}.Release|Any CPU.Build.0 = Release|Any CPU
		{EF0BBA79-FDD8-4922-8F50-6B24C469F0CA}.Debug|Any CPU.ActiveCfg = Debug|Any CPU
		{EF0BBA79-FDD8-4922-8F50-6B24C469F0CA}.Debug|Any CPU.Build.0 = Debug|Any CPU
		{EF0BBA79-FDD8-4922-8F50-6B24C469F0CA}.Release|Any CPU.ActiveCfg = Release|Any CPU
		{EF0BBA79-FDD8-4922-8F50-6B24C469F0CA}.Release|Any CPU.Build.0 = Release|Any CPU
		{AA7113AE-D82A-406A-BE73-943E5518B66D}.Debug|Any CPU.ActiveCfg = Debug|Any CPU
		{AA7113AE-D82A-406A-BE73-943E5518B66D}.Debug|Any CPU.Build.0 = Debug|Any CPU
		{AA7113AE-D82A-406A-BE73-943E5518B66D}.Release|Any CPU.ActiveCfg = Release|Any CPU
		{AA7113AE-D82A-406A-BE73-943E5518B66D}.Release|Any CPU.Build.0 = Release|Any CPU
		{3824E576-9A1B-4234-9E40-305909AD8982}.Debug|Any CPU.ActiveCfg = Debug|Any CPU
		{3824E576-9A1B-4234-9E40-305909AD8982}.Debug|Any CPU.Build.0 = Debug|Any CPU
		{3824E576-9A1B-4234-9E40-305909AD8982}.Release|Any CPU.ActiveCfg = Release|Any CPU
		{3824E576-9A1B-4234-9E40-305909AD8982}.Release|Any CPU.Build.0 = Release|Any CPU
		{A9FEF188-FD07-4A88-A84B-4B222FCEC1A0}.Debug|Any CPU.ActiveCfg = Debug|Any CPU
		{A9FEF188-FD07-4A88-A84B-4B222FCEC1A0}.Debug|Any CPU.Build.0 = Debug|Any CPU
		{A9FEF188-FD07-4A88-A84B-4B222FCEC1A0}.Release|Any CPU.ActiveCfg = Release|Any CPU
		{A9FEF188-FD07-4A88-A84B-4B222FCEC1A0}.Release|Any CPU.Build.0 = Release|Any CPU
		{07C80DEF-A58C-4D8E-8E73-F379964E458A}.Debug|Any CPU.ActiveCfg = Debug|Any CPU
		{07C80DEF-A58C-4D8E-8E73-F379964E458A}.Debug|Any CPU.Build.0 = Debug|Any CPU
		{07C80DEF-A58C-4D8E-8E73-F379964E458A}.Release|Any CPU.ActiveCfg = Release|Any CPU
		{07C80DEF-A58C-4D8E-8E73-F379964E458A}.Release|Any CPU.Build.0 = Release|Any CPU
		{4683AB7E-4866-4B20-B381-663F0FE1D66D}.Debug|Any CPU.ActiveCfg = Debug|Any CPU
		{4683AB7E-4866-4B20-B381-663F0FE1D66D}.Debug|Any CPU.Build.0 = Debug|Any CPU
		{4683AB7E-4866-4B20-B381-663F0FE1D66D}.Release|Any CPU.ActiveCfg = Release|Any CPU
		{4683AB7E-4866-4B20-B381-663F0FE1D66D}.Release|Any CPU.Build.0 = Release|Any CPU
		{6AD5C31F-C007-4B36-8D94-A69500E8662C}.Debug|Any CPU.ActiveCfg = Debug|Any CPU
		{6AD5C31F-C007-4B36-8D94-A69500E8662C}.Debug|Any CPU.Build.0 = Debug|Any CPU
		{6AD5C31F-C007-4B36-8D94-A69500E8662C}.Release|Any CPU.ActiveCfg = Release|Any CPU
		{6AD5C31F-C007-4B36-8D94-A69500E8662C}.Release|Any CPU.Build.0 = Release|Any CPU
		{71ABDFCD-4BA0-473D-BD84-92B560B7CF87}.Debug|Any CPU.ActiveCfg = Debug|Any CPU
		{71ABDFCD-4BA0-473D-BD84-92B560B7CF87}.Debug|Any CPU.Build.0 = Debug|Any CPU
		{71ABDFCD-4BA0-473D-BD84-92B560B7CF87}.Release|Any CPU.ActiveCfg = Release|Any CPU
		{71ABDFCD-4BA0-473D-BD84-92B560B7CF87}.Release|Any CPU.Build.0 = Release|Any CPU
		{27BC056C-8C8E-40BF-9C45-947EA2D9DEC0}.Debug|Any CPU.ActiveCfg = Debug|Any CPU
		{27BC056C-8C8E-40BF-9C45-947EA2D9DEC0}.Debug|Any CPU.Build.0 = Debug|Any CPU
		{27BC056C-8C8E-40BF-9C45-947EA2D9DEC0}.Release|Any CPU.ActiveCfg = Release|Any CPU
		{27BC056C-8C8E-40BF-9C45-947EA2D9DEC0}.Release|Any CPU.Build.0 = Release|Any CPU
		{7F551865-7DAB-45FD-82A8-693B8DB35EA8}.Debug|Any CPU.ActiveCfg = Debug|Any CPU
		{7F551865-7DAB-45FD-82A8-693B8DB35EA8}.Debug|Any CPU.Build.0 = Debug|Any CPU
		{7F551865-7DAB-45FD-82A8-693B8DB35EA8}.Release|Any CPU.ActiveCfg = Release|Any CPU
		{7F551865-7DAB-45FD-82A8-693B8DB35EA8}.Release|Any CPU.Build.0 = Release|Any CPU
		{8FD30732-AB43-4A88-AE02-15E8EBF0E48E}.Debug|Any CPU.ActiveCfg = Debug|Any CPU
		{8FD30732-AB43-4A88-AE02-15E8EBF0E48E}.Debug|Any CPU.Build.0 = Debug|Any CPU
		{8FD30732-AB43-4A88-AE02-15E8EBF0E48E}.Release|Any CPU.ActiveCfg = Release|Any CPU
		{8FD30732-AB43-4A88-AE02-15E8EBF0E48E}.Release|Any CPU.Build.0 = Release|Any CPU
		{406A5CF3-0E70-4304-9F2E-11833B976DE2}.Debug|Any CPU.ActiveCfg = Debug|Any CPU
		{406A5CF3-0E70-4304-9F2E-11833B976DE2}.Debug|Any CPU.Build.0 = Debug|Any CPU
		{406A5CF3-0E70-4304-9F2E-11833B976DE2}.Release|Any CPU.ActiveCfg = Release|Any CPU
		{406A5CF3-0E70-4304-9F2E-11833B976DE2}.Release|Any CPU.Build.0 = Release|Any CPU
		{66EE6A01-5137-4E46-8647-803C9605CED7}.Debug|Any CPU.ActiveCfg = Debug|Any CPU
		{66EE6A01-5137-4E46-8647-803C9605CED7}.Debug|Any CPU.Build.0 = Debug|Any CPU
		{66EE6A01-5137-4E46-8647-803C9605CED7}.Release|Any CPU.ActiveCfg = Release|Any CPU
		{66EE6A01-5137-4E46-8647-803C9605CED7}.Release|Any CPU.Build.0 = Release|Any CPU
		{D758CFC5-F47A-4E9E-B850-7EF766D0F1D6}.Debug|Any CPU.ActiveCfg = Debug|Any CPU
		{D758CFC5-F47A-4E9E-B850-7EF766D0F1D6}.Debug|Any CPU.Build.0 = Debug|Any CPU
		{D758CFC5-F47A-4E9E-B850-7EF766D0F1D6}.Release|Any CPU.ActiveCfg = Release|Any CPU
		{D758CFC5-F47A-4E9E-B850-7EF766D0F1D6}.Release|Any CPU.Build.0 = Release|Any CPU
		{BC5A1E5C-C96C-4D6F-A4D9-4B7E8E3055EA}.Debug|Any CPU.ActiveCfg = Debug|Any CPU
		{BC5A1E5C-C96C-4D6F-A4D9-4B7E8E3055EA}.Debug|Any CPU.Build.0 = Debug|Any CPU
		{BC5A1E5C-C96C-4D6F-A4D9-4B7E8E3055EA}.Release|Any CPU.ActiveCfg = Release|Any CPU
		{BC5A1E5C-C96C-4D6F-A4D9-4B7E8E3055EA}.Release|Any CPU.Build.0 = Release|Any CPU
		{50EDA805-7245-48C5-B972-6216D23F29A5}.Debug|Any CPU.ActiveCfg = Debug|Any CPU
		{50EDA805-7245-48C5-B972-6216D23F29A5}.Debug|Any CPU.Build.0 = Debug|Any CPU
		{50EDA805-7245-48C5-B972-6216D23F29A5}.Release|Any CPU.ActiveCfg = Release|Any CPU
		{50EDA805-7245-48C5-B972-6216D23F29A5}.Release|Any CPU.Build.0 = Release|Any CPU
		{4613EB7A-7943-43C6-9F13-1C5671B77745}.Debug|Any CPU.ActiveCfg = Debug|Any CPU
		{4613EB7A-7943-43C6-9F13-1C5671B77745}.Debug|Any CPU.Build.0 = Debug|Any CPU
		{4613EB7A-7943-43C6-9F13-1C5671B77745}.Release|Any CPU.ActiveCfg = Release|Any CPU
		{4613EB7A-7943-43C6-9F13-1C5671B77745}.Release|Any CPU.Build.0 = Release|Any CPU
		{1FB0621E-892E-4F53-8C9C-A5472DCEF74D}.Debug|Any CPU.ActiveCfg = Debug|Any CPU
		{1FB0621E-892E-4F53-8C9C-A5472DCEF74D}.Debug|Any CPU.Build.0 = Debug|Any CPU
		{1FB0621E-892E-4F53-8C9C-A5472DCEF74D}.Release|Any CPU.ActiveCfg = Release|Any CPU
		{1FB0621E-892E-4F53-8C9C-A5472DCEF74D}.Release|Any CPU.Build.0 = Release|Any CPU
		{B02C516A-0470-4D08-8C17-CD824A347A36}.Debug|Any CPU.ActiveCfg = Debug|Any CPU
		{B02C516A-0470-4D08-8C17-CD824A347A36}.Debug|Any CPU.Build.0 = Debug|Any CPU
		{B02C516A-0470-4D08-8C17-CD824A347A36}.Release|Any CPU.ActiveCfg = Release|Any CPU
		{B02C516A-0470-4D08-8C17-CD824A347A36}.Release|Any CPU.Build.0 = Release|Any CPU
	EndGlobalSection
	GlobalSection(SolutionProperties) = preSolution
		HideSolutionNode = FALSE
	EndGlobalSection
	GlobalSection(NestedProjects) = preSolution
		{18314AC0-9962-422B-9488-C6328DA9D3B3} = {326E6240-5F0D-451D-BEC7-81D042DF5321}
		{EF0BBA79-FDD8-4922-8F50-6B24C469F0CA} = {326E6240-5F0D-451D-BEC7-81D042DF5321}
		{0199D1FA-61BF-4621-B224-F9CE93086EDF} = {326E6240-5F0D-451D-BEC7-81D042DF5321}
		{AA7113AE-D82A-406A-BE73-943E5518B66D} = {0199D1FA-61BF-4621-B224-F9CE93086EDF}
		{3824E576-9A1B-4234-9E40-305909AD8982} = {0199D1FA-61BF-4621-B224-F9CE93086EDF}
		{A9FEF188-FD07-4A88-A84B-4B222FCEC1A0} = {EBC3A9B7-E9B3-4526-A282-E072FEA7B8F1}
		{07C80DEF-A58C-4D8E-8E73-F379964E458A} = {EBC3A9B7-E9B3-4526-A282-E072FEA7B8F1}
		{4683AB7E-4866-4B20-B381-663F0FE1D66D} = {0199D1FA-61BF-4621-B224-F9CE93086EDF}
		{71ABDFCD-4BA0-473D-BD84-92B560B7CF87} = {0199D1FA-61BF-4621-B224-F9CE93086EDF}
		{27BC056C-8C8E-40BF-9C45-947EA2D9DEC0} = {0199D1FA-61BF-4621-B224-F9CE93086EDF}
		{7A823355-1953-4B19-A64F-F7A53AF449A7} = {0199D1FA-61BF-4621-B224-F9CE93086EDF}
		{7F551865-7DAB-45FD-82A8-693B8DB35EA8} = {7A823355-1953-4B19-A64F-F7A53AF449A7}
		{8FD30732-AB43-4A88-AE02-15E8EBF0E48E} = {7A823355-1953-4B19-A64F-F7A53AF449A7}
		{EA285515-F3E1-4ACA-B6B4-9109F1C73DEE} = {7A823355-1953-4B19-A64F-F7A53AF449A7}
		{AACDD6BF-E715-4FAA-B134-CEA50F20344F} = {0199D1FA-61BF-4621-B224-F9CE93086EDF}
		{406A5CF3-0E70-4304-9F2E-11833B976DE2} = {AACDD6BF-E715-4FAA-B134-CEA50F20344F}
		{08CE716F-4D08-447C-96EE-A4018AFA7035} = {326E6240-5F0D-451D-BEC7-81D042DF5321}
		{66EE6A01-5137-4E46-8647-803C9605CED7} = {08CE716F-4D08-447C-96EE-A4018AFA7035}
		{D758CFC5-F47A-4E9E-B850-7EF766D0F1D6} = {EA285515-F3E1-4ACA-B6B4-9109F1C73DEE}
		{BC5A1E5C-C96C-4D6F-A4D9-4B7E8E3055EA} = {EA285515-F3E1-4ACA-B6B4-9109F1C73DEE}
		{50EDA805-7245-48C5-B972-6216D23F29A5} = {08CE716F-4D08-447C-96EE-A4018AFA7035}
		{3896F982-F5AD-4A69-BE14-7A95C7F834A9} = {0199D1FA-61BF-4621-B224-F9CE93086EDF}
		{4613EB7A-7943-43C6-9F13-1C5671B77745} = {3896F982-F5AD-4A69-BE14-7A95C7F834A9}
		{1FB0621E-892E-4F53-8C9C-A5472DCEF74D} = {3896F982-F5AD-4A69-BE14-7A95C7F834A9}
		{E02DA575-B073-4084-89A9-2615E37C0C06} = {0199D1FA-61BF-4621-B224-F9CE93086EDF}
		{9A7B3144-B9F0-47BB-A306-A40813B58A11} = {E02DA575-B073-4084-89A9-2615E37C0C06}
		{B02C516A-0470-4D08-8C17-CD824A347A36} = {E02DA575-B073-4084-89A9-2615E37C0C06}
	EndGlobalSection
	GlobalSection(ExtensibilityGlobals) = postSolution
		SolutionGuid = {E2E3EF17-D76B-4080-B8AA-2FB58CBB21B8}
	EndGlobalSection
EndGlobal
